<?xml version="1.0" encoding="utf-8"?>
<Project ToolsVersion="4.0" xmlns="http://schemas.microsoft.com/developer/msbuild/2003">
  <ItemGroup>
    <Image Include="Assets\Wide310x150Logo.scale-200.png">
      <Filter>Assets</Filter>
    </Image>
    <Image Include="Assets\StoreLogo.png">
      <Filter>Assets</Filter>
    </Image>
    <Image Include="Assets\Square150x150Logo.scale-200.png">
      <Filter>Assets</Filter>
    </Image>
    <Image Include="Assets\Square44x44Logo.targetsize-24_altform-unplated.png">
      <Filter>Assets</Filter>
    </Image>
    <Image Include="Assets\Square44x44Logo.scale-200.png">
      <Filter>Assets</Filter>
    </Image>
    <Image Include="Assets\SplashScreen.scale-200.png">
      <Filter>Assets</Filter>
    </Image>
    <Image Include="Assets\LockScreenLogo.scale-200.png">
      <Filter>Assets</Filter>
    </Image>
  </ItemGroup>
  <ItemGroup>
    <Filter Include="Assets">
      <UniqueIdentifier>{04211d4e-f823-4a9d-9525-c8025d6db1cd}</UniqueIdentifier>
    </Filter>
    <Filter Include="Project Files">
      <UniqueIdentifier>{1d5db7dd-6101-46cb-acd9-ff213ad29aca}</UniqueIdentifier>
    </Filter>
    <Filter Include="Assets\Mesh">
      <UniqueIdentifier>{e9c49ab9-f43e-44e9-a221-ab1e697d0359}</UniqueIdentifier>
    </Filter>
    <Filter Include="Assets\Mesh\Asteroids">
      <UniqueIdentifier>{13f14896-9cb7-4aa3-9625-b3b7c4508913}</UniqueIdentifier>
    </Filter>
    <Filter Include="Assets\Mesh\Crates">
      <UniqueIdentifier>{caf09999-2ecf-4daf-b649-2383b11bd038}</UniqueIdentifier>
    </Filter>
    <Filter Include="Assets\Mesh\Decorations">
      <UniqueIdentifier>{ce383e6d-3e99-4c0a-8f3d-c4a974ef3565}</UniqueIdentifier>
    </Filter>
    <Filter Include="Assets\Mesh\Hulls">
      <UniqueIdentifier>{78f738da-683f-43df-9dfc-fd0058e5adef}</UniqueIdentifier>
    </Filter>
    <Filter Include="Assets\Mesh\Jumpgates">
      <UniqueIdentifier>{64b0da72-feb4-4e0b-a559-b00a97e14506}</UniqueIdentifier>
    </Filter>
    <Filter Include="Assets\Mesh\Projectiles">
      <UniqueIdentifier>{15c6e67e-1119-4892-b8ad-09547ae5c609}</UniqueIdentifier>
    </Filter>
    <Filter Include="Assets\Mesh\SpaceObjects">
      <UniqueIdentifier>{cd4bb0ca-f8ac-46fb-a32f-3fc954560fb5}</UniqueIdentifier>
    </Filter>
    <Filter Include="Assets\Mesh\Stations">
      <UniqueIdentifier>{98fd0f43-fe0d-4611-94be-1cdefcf4a6c1}</UniqueIdentifier>
    </Filter>
    <Filter Include="Assets\Mesh\Turrets">
      <UniqueIdentifier>{4c8a6125-c03b-4d90-ab86-7797bd71b29c}</UniqueIdentifier>
    </Filter>
  </ItemGroup>
  <ItemGroup>
    <Manifest Include="app.manifest">
      <Filter>Project Files</Filter>
    </Manifest>
  </ItemGroup>
  <ItemGroup>
    <AppxManifest Include="Package.appxmanifest">
      <Filter>Project Files</Filter>
    </AppxManifest>
  </ItemGroup>
  <ItemGroup>
    <None Include="packages.config">
      <Filter>Project Files</Filter>
    </None>
    <None Include="Assets\Mesh\Asteroids\Asteroid01.cmo">
      <Filter>Assets\Mesh\Asteroids</Filter>
    </None>
    <None Include="Assets\Mesh\Asteroids\Asteroid02.cmo">
      <Filter>Assets\Mesh\Asteroids</Filter>
    </None>
    <None Include="Assets\Mesh\Asteroids\Asteroid03.cmo">
      <Filter>Assets\Mesh\Asteroids</Filter>
    </None>
    <None Include="Assets\Mesh\Asteroids\Asteroid04.cmo">
      <Filter>Assets\Mesh\Asteroids</Filter>
    </None>
    <None Include="Assets\Mesh\Asteroids\Asteroid05.cmo">
      <Filter>Assets\Mesh\Asteroids</Filter>
    </None>
    <None Include="Assets\Mesh\Asteroids\Asteroid06.cmo">
      <Filter>Assets\Mesh\Asteroids</Filter>
    </None>
    <None Include="Assets\Mesh\Crates\Crate01.cmo">
      <Filter>Assets\Mesh\Crates</Filter>
    </None>
    <None Include="Assets\Mesh\Crates\Crate02.cmo">
      <Filter>Assets\Mesh\Crates</Filter>
    </None>
    <None Include="Assets\Mesh\Crates\CrateAlien01.cmo">
      <Filter>Assets\Mesh\Crates</Filter>
    </None>
    <None Include="Assets\Mesh\Decorations\BrokenAsteroid01.cmo">
      <Filter>Assets\Mesh\Decorations</Filter>
    </None>
    <None Include="Assets\Mesh\Decorations\Satellite01.cmo">
      <Filter>Assets\Mesh\Decorations</Filter>
    </None>
    <None Include="Assets\Mesh\Decorations\Satellite01Rust.cmo">
      <Filter>Assets\Mesh\Decorations</Filter>
    </None>
    <None Include="Assets\Mesh\Decorations\StationWreck01.cmo">
      <Filter>Assets\Mesh\Decorations</Filter>
    </None>
    <None Include="Assets\Mesh\Hulls\HullAsteria.cmo">
      <Filter>Assets\Mesh\Hulls</Filter>
    </None>
    <None Include="Assets\Mesh\Hulls\HullAurora.cmo">
      <Filter>Assets\Mesh\Hulls</Filter>
    </None>
    <None Include="Assets\Mesh\Hulls\HullAvalanche.cmo">
      <Filter>Assets\Mesh\Hulls</Filter>
    </None>
    <None Include="Assets\Mesh\Hulls\HullAvalancheMk2.cmo">
      <Filter>Assets\Mesh\Hulls</Filter>
    </None>
    <None Include="Assets\Mesh\Hulls\HullBanshee.cmo">
      <Filter>Assets\Mesh\Hulls</Filter>
    </None>
    <None Include="Assets\Mesh\Hulls\HullBansheeMk2.cmo">
      <Filter>Assets\Mesh\Hulls</Filter>
    </None>
    <None Include="Assets\Mesh\Hulls\HullBoomerang.cmo">
      <Filter>Assets\Mesh\Hulls</Filter>
    </None>
    <None Include="Assets\Mesh\Hulls\HullCrab.cmo">
      <Filter>Assets\Mesh\Hulls</Filter>
    </None>
    <None Include="Assets\Mesh\Hulls\HullDeathBringer.cmo">
      <Filter>Assets\Mesh\Hulls</Filter>
    </None>
    <None Include="Assets\Mesh\Hulls\HullEndeavor.cmo">
      <Filter>Assets\Mesh\Hulls</Filter>
    </None>
    <None Include="Assets\Mesh\Hulls\HullFang.cmo">
      <Filter>Assets\Mesh\Hulls</Filter>
    </None>
    <None Include="Assets\Mesh\Hulls\HullFreighter.cmo">
      <Filter>Assets\Mesh\Hulls</Filter>
    </None>
    <None Include="Assets\Mesh\Hulls\HullHammer.cmo">
      <Filter>Assets\Mesh\Hulls</Filter>
    </None>
    <None Include="Assets\Mesh\Hulls\HullHeretic.cmo">
      <Filter>Assets\Mesh\Hulls</Filter>
    </None>
    <None Include="Assets\Mesh\Hulls\HullHive.cmo">
      <Filter>Assets\Mesh\Hulls</Filter>
    </None>
    <None Include="Assets\Mesh\Hulls\HullMegalisk.cmo">
      <Filter>Assets\Mesh\Hulls</Filter>
    </None>
    <None Include="Assets\Mesh\Hulls\HullOrca.cmo">
      <Filter>Assets\Mesh\Hulls</Filter>
    </None>
    <None Include="Assets\Mesh\Hulls\HullPestBrown.cmo">
      <Filter>Assets\Mesh\Hulls</Filter>
    </None>
    <None Include="Assets\Mesh\Hulls\HullPestRed.cmo">
      <Filter>Assets\Mesh\Hulls</Filter>
    </None>
    <None Include="Assets\Mesh\Hulls\HullPiratePlatform.cmo">
      <Filter>Assets\Mesh\Hulls</Filter>
    </None>
    <None Include="Assets\Mesh\Hulls\HullScarab.cmo">
      <Filter>Assets\Mesh\Hulls</Filter>
    </None>
    <None Include="Assets\Mesh\Hulls\HullShuttle.cmo">
      <Filter>Assets\Mesh\Hulls</Filter>
    </None>
    <None Include="Assets\Mesh\Hulls\HullStingray.cmo">
      <Filter>Assets\Mesh\Hulls</Filter>
    </None>
    <None Include="Assets\Mesh\Hulls\HullStingrayMk2.cmo">
      <Filter>Assets\Mesh\Hulls</Filter>
    </None>
    <None Include="Assets\Mesh\Hulls\HullStryker.cmo">
      <Filter>Assets\Mesh\Hulls</Filter>
    </None>
    <None Include="Assets\Mesh\Hulls\HullTurretPlatform.cmo">
      <Filter>Assets\Mesh\Hulls</Filter>
    </None>
    <None Include="Assets\Mesh\Hulls\HullTurretXengatarn.cmo">
      <Filter>Assets\Mesh\Hulls</Filter>
    </None>
    <None Include="Assets\Mesh\Hulls\HullViolator.cmo">
      <Filter>Assets\Mesh\Hulls</Filter>
    </None>
    <None Include="Assets\Mesh\Hulls\HullWasp.cmo">
      <Filter>Assets\Mesh\Hulls</Filter>
    </None>
    <None Include="Assets\Mesh\Hulls\HullYamato.cmo">
      <Filter>Assets\Mesh\Hulls</Filter>
    </None>
    <None Include="Assets\Mesh\Jumpgates\Jumpgate01.cmo">
      <Filter>Assets\Mesh\Jumpgates</Filter>
    </None>
    <None Include="Assets\Mesh\Turrets\AlienTurret01.cmo">
      <Filter>Assets\Mesh\Turrets</Filter>
    </None>
    <None Include="Assets\Mesh\Turrets\BallisticTurret01.cmo">
      <Filter>Assets\Mesh\Turrets</Filter>
    </None>
    <None Include="Assets\Mesh\Turrets\EnergyTurret01.cmo">
      <Filter>Assets\Mesh\Turrets</Filter>
    </None>
    <None Include="Assets\Mesh\Turrets\MissileTurret01.cmo">
      <Filter>Assets\Mesh\Turrets</Filter>
    </None>
    <None Include="Assets\Mesh\Stations\Business01.cmo">
      <Filter>Assets\Mesh\Stations</Filter>
    </None>
    <None Include="Assets\Mesh\Stations\Military01.cmo">
      <Filter>Assets\Mesh\Stations</Filter>
    </None>
    <None Include="Assets\Mesh\Stations\Mining01.cmo">
      <Filter>Assets\Mesh\Stations</Filter>
    </None>
    <None Include="Assets\Mesh\Stations\Outpost01.cmo">
      <Filter>Assets\Mesh\Stations</Filter>
    </None>
    <None Include="Assets\Mesh\Stations\Science01.cmo">
      <Filter>Assets\Mesh\Stations</Filter>
    </None>
    <None Include="Assets\Mesh\SpaceObjects\DebrisGenericBarrel01.cmo">
      <Filter>Assets\Mesh\SpaceObjects</Filter>
    </None>
    <None Include="Assets\Mesh\SpaceObjects\DebrisGenericBeam01.cmo">
      <Filter>Assets\Mesh\SpaceObjects</Filter>
    </None>
    <None Include="Assets\Mesh\SpaceObjects\DebrisGenericPipe01.cmo">
      <Filter>Assets\Mesh\SpaceObjects</Filter>
    </None>
    <None Include="Assets\Mesh\SpaceObjects\DebrisGenericSolarpanel01.cmo">
      <Filter>Assets\Mesh\SpaceObjects</Filter>
    </None>
    <None Include="Assets\Mesh\SpaceObjects\DebrisGenericTransistor01.cmo">
      <Filter>Assets\Mesh\SpaceObjects</Filter>
    </None>
    <None Include="Assets\Mesh\SpaceObjects\DebrisGenericWreck01.cmo">
      <Filter>Assets\Mesh\SpaceObjects</Filter>
    </None>
    <None Include="Assets\Mesh\SpaceObjects\DebrisQuest01.cmo">
      <Filter>Assets\Mesh\SpaceObjects</Filter>
    </None>
    <None Include="Assets\Mesh\SpaceObjects\ErgrekTerminal.cmo">
      <Filter>Assets\Mesh\SpaceObjects</Filter>
    </None>
    <None Include="Assets\Mesh\SpaceObjects\Mine01.cmo">
      <Filter>Assets\Mesh\SpaceObjects</Filter>
    </None>
    <None Include="Assets\Mesh\SpaceObjects\PlatformRefuel.cmo">
      <Filter>Assets\Mesh\SpaceObjects</Filter>
    </None>
    <None Include="Assets\Mesh\SpaceObjects\PlatformRepair.cmo">
      <Filter>Assets\Mesh\SpaceObjects</Filter>
    </None>
    <None Include="Assets\Mesh\SpaceObjects\XengatarnDevice01.cmo">
      <Filter>Assets\Mesh\SpaceObjects</Filter>
    </None>
    <None Include="Assets\Mesh\Projectiles\AlienSeeker.cmo">
      <Filter>Assets\Mesh\Projectiles</Filter>
    </None>
    <None Include="Assets\Mesh\Projectiles\MissileHeavy.cmo">
      <Filter>Assets\Mesh\Projectiles</Filter>
    </None>
    <None Include="Assets\Mesh\Projectiles\MissileLight.cmo">
      <Filter>Assets\Mesh\Projectiles</Filter>
    </None>
    <None Include="Assets\Mesh\Projectiles\RocketHeavy.cmo">
      <Filter>Assets\Mesh\Projectiles</Filter>
    </None>
    <None Include="Assets\Mesh\Projectiles\RocketLight.cmo">
      <Filter>Assets\Mesh\Projectiles</Filter>
    </None>
  </ItemGroup>
  <ItemGroup>
    <Natvis Include="$(MSBuildThisFileDirectory)..\..\natvis\wil.natstepfilter">
      <Filter>Project Files</Filter>
    </Natvis>
    <Natvis Include="$(MSBuildThisFileDirectory)..\..\natvis\wil.natvis">
      <Filter>Project Files</Filter>
    </Natvis>
  </ItemGroup>
  <ItemGroup>
    <ClCompile Include="GameApp.cpp" />
    <ClCompile Include="pch.cpp" />
    <ClCompile Include="WinMain.cpp" />
  </ItemGroup>
  <ItemGroup>
    <ClInclude Include="GameApp.h" />
    <ClInclude Include="pch.h" />
  </ItemGroup>
</Project>